
Microsoft Visual Studio Solution File, Format Version 12.00
# Visual Studio 15
VisualStudioVersion = 15.0.28307.329
MinimumVisualStudioVersion = 10.0.40219.1
Project("{FAE04EC0-301F-11D3-BF4B-00C04F79EFBC}") = "MasterDetailNavigation", "MasterDetailNavigation\MasterDetailNavigation\MasterDetailNavigation.csproj", "{76C8D750-9AAD-45E5-A00A-35066623B027}"
EndProject
Project("{FAE04EC0-301F-11D3-BF4B-00C04F79EFBC}") = "MasterDetailNavigation.Android", "MasterDetailNavigation\MasterDetailNavigation.Android\MasterDetailNavigation.Android.csproj", "{08EE2397-6A8D-4EB5-924A-775BF3C3CB6B}"
EndProject
Project("{FAE04EC0-301F-11D3-BF4B-00C04F79EFBC}") = "MasterDetailNavigation.iOS", "MasterDetailNavigation\MasterDetailNavigation.iOS\MasterDetailNavigation.iOS.csproj", "{CD3CD2CB-6D12-4A59-9838-CB8EC3808D58}"
EndProject
Project("{FAE04EC0-301F-11D3-BF4B-00C04F79EFBC}") = "MasterDetailNavigation.UWP", "MasterDetailNavigation\MasterDetailNavigation.UWP\MasterDetailNavigation.UWP.csproj", "{61C63A84-A144-421F-A769-56F92F598865}"
EndProject
Global
	GlobalSection(SolutionConfigurationPlatforms) = preSolution
		Ad-Hoc|Any CPU = Ad-Hoc|Any CPU
		Ad-Hoc|ARM = Ad-Hoc|ARM
		Ad-Hoc|iPhone = Ad-Hoc|iPhone
		Ad-Hoc|iPhoneSimulator = Ad-Hoc|iPhoneSimulator
		Ad-Hoc|x64 = Ad-Hoc|x64
		Ad-Hoc|x86 = Ad-Hoc|x86
		AppStore|Any CPU = AppStore|Any CPU
		AppStore|ARM = AppStore|ARM
		AppStore|iPhone = AppStore|iPhone
		AppStore|iPhoneSimulator = AppStore|iPhoneSimulator
		AppStore|x64 = AppStore|x64
		AppStore|x86 = AppStore|x86
		Debug|Any CPU = Debug|Any CPU
		Debug|ARM = Debug|ARM
		Debug|iPhone = Debug|iPhone
		Debug|iPhoneSimulator = Debug|iPhoneSimulator
		Debug|x64 = Debug|x64
		Debug|x86 = Debug|x86
		Release|Any CPU = Release|Any CPU
		Release|ARM = Release|ARM
		Release|iPhone = Release|iPhone
		Release|iPhoneSimulator = Release|iPhoneSimulator
		Release|x64 = Release|x64
		Release|x86 = Release|x86
	EndGlobalSection
	GlobalSection(ProjectConfigurationPlatforms) = postSolution
		{76C8D750-9AAD-45E5-A00A-35066623B027}.Ad-Hoc|Any CPU.ActiveCfg = Debug|Any CPU
		{76C8D750-9AAD-45E5-A00A-35066623B027}.Ad-Hoc|Any CPU.Build.0 = Debug|Any CPU
		{76C8D750-9AAD-45E5-A00A-35066623B027}.Ad-Hoc|ARM.ActiveCfg = Debug|Any CPU
		{76C8D750-9AAD-45E5-A00A-35066623B027}.Ad-Hoc|ARM.Build.0 = Debug|Any CPU
		{76C8D750-9AAD-45E5-A00A-35066623B027}.Ad-Hoc|iPhone.ActiveCfg = Debug|Any CPU
		{76C8D750-9AAD-45E5-A00A-35066623B027}.Ad-Hoc|iPhone.Build.0 = Debug|Any CPU
		{76C8D750-9AAD-45E5-A00A-35066623B027}.Ad-Hoc|iPhoneSimulator.ActiveCfg = Debug|Any CPU
		{76C8D750-9AAD-45E5-A00A-35066623B027}.Ad-Hoc|iPhoneSimulator.Build.0 = Debug|Any CPU
		{76C8D750-9AAD-45E5-A00A-35066623B027}.Ad-Hoc|x64.ActiveCfg = Debug|Any CPU
		{76C8D750-9AAD-45E5-A00A-35066623B027}.Ad-Hoc|x64.Build.0 = Debug|Any CPU
		{76C8D750-9AAD-45E5-A00A-35066623B027}.Ad-Hoc|x86.ActiveCfg = Debug|Any CPU
		{76C8D750-9AAD-45E5-A00A-35066623B027}.Ad-Hoc|x86.Build.0 = Debug|Any CPU
		{76C8D750-9AAD-45E5-A00A-35066623B027}.AppStore|Any CPU.ActiveCfg = Debug|Any CPU
		{76C8D750-9AAD-45E5-A00A-35066623B027}.AppStore|Any CPU.Build.0 = Debug|Any CPU
		{76C8D750-9AAD-45E5-A00A-35066623B027}.AppStore|ARM.ActiveCfg = Debug|Any CPU
		{76C8D750-9AAD-45E5-A00A-35066623B027}.AppStore|ARM.Build.0 = Debug|Any CPU
		{76C8D750-9AAD-45E5-A00A-35066623B027}.AppStore|iPhone.ActiveCfg = Debug|Any CPU
		{76C8D750-9AAD-45E5-A00A-35066623B027}.AppStore|iPhone.Build.0 = Debug|Any CPU
		{76C8D750-9AAD-45E5-A00A-35066623B027}.AppStore|iPhoneSimulator.ActiveCfg = Debug|Any CPU
		{76C8D750-9AAD-45E5-A00A-35066623B027}.AppStore|iPhoneSimulator.Build.0 = Debug|Any CPU
		{76C8D750-9AAD-45E5-A00A-35066623B027}.AppStore|x64.ActiveCfg = Debug|Any CPU
		{76C8D750-9AAD-45E5-A00A-35066623B027}.AppStore|x64.Build.0 = Debug|Any CPU
		{76C8D750-9AAD-45E5-A00A-35066623B027}.AppStore|x86.ActiveCfg = Debug|Any CPU
		{76C8D750-9AAD-45E5-A00A-35066623B027}.AppStore|x86.Build.0 = Debug|Any CPU
		{76C8D750-9AAD-45E5-A00A-35066623B027}.Debug|Any CPU.ActiveCfg = Debug|Any CPU
		{76C8D750-9AAD-45E5-A00A-35066623B027}.Debug|Any CPU.Build.0 = Debug|Any CPU
		{76C8D750-9AAD-45E5-A00A-35066623B027}.Debug|ARM.ActiveCfg = Debug|Any CPU
		{76C8D750-9AAD-45E5-A00A-35066623B027}.Debug|ARM.Build.0 = Debug|Any CPU
		{76C8D750-9AAD-45E5-A00A-35066623B027}.Debug|iPhone.ActiveCfg = Debug|Any CPU
		{76C8D750-9AAD-45E5-A00A-35066623B027}.Debug|iPhone.Build.0 = Debug|Any CPU
		{76C8D750-9AAD-45E5-A00A-35066623B027}.Debug|iPhoneSimulator.ActiveCfg = Debug|Any CPU
		{76C8D750-9AAD-45E5-A00A-35066623B027}.Debug|iPhoneSimulator.Build.0 = Debug|Any CPU
		{76C8D750-9AAD-45E5-A00A-35066623B027}.Debug|x64.ActiveCfg = Debug|Any CPU
		{76C8D750-9AAD-45E5-A00A-35066623B027}.Debug|x64.Build.0 = Debug|Any CPU
		{76C8D750-9AAD-45E5-A00A-35066623B027}.Debug|x86.ActiveCfg = Debug|Any CPU
		{76C8D750-9AAD-45E5-A00A-35066623B027}.Debug|x86.Build.0 = Debug|Any CPU
		{76C8D750-9AAD-45E5-A00A-35066623B027}.Release|Any CPU.ActiveCfg = Release|Any CPU
		{76C8D750-9AAD-45E5-A00A-35066623B027}.Release|Any CPU.Build.0 = Release|Any CPU
		{76C8D750-9AAD-45E5-A00A-35066623B027}.Release|ARM.ActiveCfg = Release|Any CPU
		{76C8D750-9AAD-45E5-A00A-35066623B027}.Release|ARM.Build.0 = Release|Any CPU
		{76C8D750-9AAD-45E5-A00A-35066623B027}.Release|iPhone.ActiveCfg = Release|Any CPU
		{76C8D750-9AAD-45E5-A00A-35066623B027}.Release|iPhone.Build.0 = Release|Any CPU
		{76C8D750-9AAD-45E5-A00A-35066623B027}.Release|iPhoneSimulator.ActiveCfg = Release|Any CPU
		{76C8D750-9AAD-45E5-A00A-35066623B027}.Release|iPhoneSimulator.Build.0 = Release|Any CPU
		{76C8D750-9AAD-45E5-A00A-35066623B027}.Release|x64.ActiveCfg = Release|Any CPU
		{76C8D750-9AAD-45E5-A00A-35066623B027}.Release|x64.Build.0 = Release|Any CPU
		{76C8D750-9AAD-45E5-A00A-35066623B027}.Release|x86.ActiveCfg = Release|Any CPU
		{76C8D750-9AAD-45E5-A00A-35066623B027}.Release|x86.Build.0 = Release|Any CPU
		{08EE2397-6A8D-4EB5-924A-775BF3C3CB6B}.Ad-Hoc|Any CPU.ActiveCfg = Release|Any CPU
		{08EE2397-6A8D-4EB5-924A-775BF3C3CB6B}.Ad-Hoc|Any CPU.Build.0 = Release|Any CPU
		{08EE2397-6A8D-4EB5-924A-775BF3C3CB6B}.Ad-Hoc|Any CPU.Deploy.0 = Release|Any CPU
		{08EE2397-6A8D-4EB5-924A-775BF3C3CB6B}.Ad-Hoc|ARM.ActiveCfg = Release|Any CPU
		{08EE2397-6A8D-4EB5-924A-775BF3C3CB6B}.Ad-Hoc|ARM.Build.0 = Release|Any CPU
		{08EE2397-6A8D-4EB5-924A-775BF3C3CB6B}.Ad-Hoc|ARM.Deploy.0 = Release|Any CPU
		{08EE2397-6A8D-4EB5-924A-775BF3C3CB6B}.Ad-Hoc|iPhone.ActiveCfg = Release|Any CPU
		{08EE2397-6A8D-4EB5-924A-775BF3C3CB6B}.Ad-Hoc|iPhone.Build.0 = Release|Any CPU
		{08EE2397-6A8D-4EB5-924A-775BF3C3CB6B}.Ad-Hoc|iPhone.Deploy.0 = Release|Any CPU
		{08EE2397-6A8D-4EB5-924A-775BF3C3CB6B}.Ad-Hoc|iPhoneSimulator.ActiveCfg = Release|Any CPU
		{08EE2397-6A8D-4EB5-924A-775BF3C3CB6B}.Ad-Hoc|iPhoneSimulator.Build.0 = Release|Any CPU
		{08EE2397-6A8D-4EB5-924A-775BF3C3CB6B}.Ad-Hoc|iPhoneSimulator.Deploy.0 = Release|Any CPU
		{08EE2397-6A8D-4EB5-924A-775BF3C3CB6B}.Ad-Hoc|x64.ActiveCfg = Release|Any CPU
		{08EE2397-6A8D-4EB5-924A-775BF3C3CB6B}.Ad-Hoc|x64.Build.0 = Release|Any CPU
		{08EE2397-6A8D-4EB5-924A-775BF3C3CB6B}.Ad-Hoc|x64.Deploy.0 = Release|Any CPU
		{08EE2397-6A8D-4EB5-924A-775BF3C3CB6B}.Ad-Hoc|x86.ActiveCfg = Release|Any CPU
		{08EE2397-6A8D-4EB5-924A-775BF3C3CB6B}.Ad-Hoc|x86.Build.0 = Release|Any CPU
		{08EE2397-6A8D-4EB5-924A-775BF3C3CB6B}.Ad-Hoc|x86.Deploy.0 = Release|Any CPU
		{08EE2397-6A8D-4EB5-924A-775BF3C3CB6B}.AppStore|Any CPU.ActiveCfg = Release|Any CPU
		{08EE2397-6A8D-4EB5-924A-775BF3C3CB6B}.AppStore|Any CPU.Build.0 = Release|Any CPU
		{08EE2397-6A8D-4EB5-924A-775BF3C3CB6B}.AppStore|Any CPU.Deploy.0 = Release|Any CPU
		{08EE2397-6A8D-4EB5-924A-775BF3C3CB6B}.AppStore|ARM.ActiveCfg = Release|Any CPU
		{08EE2397-6A8D-4EB5-924A-775BF3C3CB6B}.AppStore|ARM.Build.0 = Release|Any CPU
		{08EE2397-6A8D-4EB5-924A-775BF3C3CB6B}.AppStore|ARM.Deploy.0 = Release|Any CPU
		{08EE2397-6A8D-4EB5-924A-775BF3C3CB6B}.AppStore|iPhone.ActiveCfg = Release|Any CPU
		{08EE2397-6A8D-4EB5-924A-775BF3C3CB6B}.AppStore|iPhone.Build.0 = Release|Any CPU
		{08EE2397-6A8D-4EB5-924A-775BF3C3CB6B}.AppStore|iPhone.Deploy.0 = Release|Any CPU
		{08EE2397-6A8D-4EB5-924A-775BF3C3CB6B}.AppStore|iPhoneSimulator.ActiveCfg = Release|Any CPU
		{08EE2397-6A8D-4EB5-924A-775BF3C3CB6B}.AppStore|iPhoneSimulator.Build.0 = Release|Any CPU
		{08EE2397-6A8D-4EB5-924A-775BF3C3CB6B}.AppStore|iPhoneSimulator.Deploy.0 = Release|Any CPU
		{08EE2397-6A8D-4EB5-924A-775BF3C3CB6B}.AppStore|x64.ActiveCfg = Release|Any CPU
		{08EE2397-6A8D-4EB5-924A-775BF3C3CB6B}.AppStore|x64.Build.0 = Release|Any CPU
		{08EE2397-6A8D-4EB5-924A-775BF3C3CB6B}.AppStore|x64.Deploy.0 = Release|Any CPU
		{08EE2397-6A8D-4EB5-924A-775BF3C3CB6B}.AppStore|x86.ActiveCfg = Release|Any CPU
		{08EE2397-6A8D-4EB5-924A-775BF3C3CB6B}.AppStore|x86.Build.0 = Release|Any CPU
		{08EE2397-6A8D-4EB5-924A-775BF3C3CB6B}.AppStore|x86.Deploy.0 = Release|Any CPU
		{08EE2397-6A8D-4EB5-924A-775BF3C3CB6B}.Debug|Any CPU.ActiveCfg = Debug|Any CPU
		{08EE2397-6A8D-4EB5-924A-775BF3C3CB6B}.Debug|Any CPU.Build.0 = Debug|Any CPU
		{08EE2397-6A8D-4EB5-924A-775BF3C3CB6B}.Debug|Any CPU.Deploy.0 = Debug|Any CPU
		{08EE2397-6A8D-4EB5-924A-775BF3C3CB6B}.Debug|ARM.ActiveCfg = Debug|Any CPU
		{08EE2397-6A8D-4EB5-924A-775BF3C3CB6B}.Debug|ARM.Build.0 = Debug|Any CPU
		{08EE2397-6A8D-4EB5-924A-775BF3C3CB6B}.Debug|ARM.Deploy.0 = Debug|Any CPU
		{08EE2397-6A8D-4EB5-924A-775BF3C3CB6B}.Debug|iPhone.ActiveCfg = Debug|Any CPU
		{08EE2397-6A8D-4EB5-924A-775BF3C3CB6B}.Debug|iPhone.Build.0 = Debug|Any CPU
		{08EE2397-6A8D-4EB5-924A-775BF3C3CB6B}.Debug|iPhone.Deploy.0 = Debug|Any CPU
		{08EE2397-6A8D-4EB5-924A-775BF3C3CB6B}.Debug|iPhoneSimulator.ActiveCfg = Debug|Any CPU
		{08EE2397-6A8D-4EB5-924A-775BF3C3CB6B}.Debug|iPhoneSimulator.Build.0 = Debug|Any CPU
		{08EE2397-6A8D-4EB5-924A-775BF3C3CB6B}.Debug|iPhoneSimulator.Deploy.0 = Debug|Any CPU
		{08EE2397-6A8D-4EB5-924A-775BF3C3CB6B}.Debug|x64.ActiveCfg = Debug|Any CPU
		{08EE2397-6A8D-4EB5-924A-775BF3C3CB6B}.Debug|x64.Build.0 = Debug|Any CPU
		{08EE2397-6A8D-4EB5-924A-775BF3C3CB6B}.Debug|x64.Deploy.0 = Debug|Any CPU
		{08EE2397-6A8D-4EB5-924A-775BF3C3CB6B}.Debug|x86.ActiveCfg = Debug|Any CPU
		{08EE2397-6A8D-4EB5-924A-775BF3C3CB6B}.Debug|x86.Build.0 = Debug|Any CPU
		{08EE2397-6A8D-4EB5-924A-775BF3C3CB6B}.Debug|x86.Deploy.0 = Debug|Any CPU
		{08EE2397-6A8D-4EB5-924A-775BF3C3CB6B}.Release|Any CPU.ActiveCfg = Release|Any CPU
		{08EE2397-6A8D-4EB5-924A-775BF3C3CB6B}.Release|Any CPU.Build.0 = Release|Any CPU
		{08EE2397-6A8D-4EB5-924A-775BF3C3CB6B}.Release|Any CPU.Deploy.0 = Release|Any CPU
		{08EE2397-6A8D-4EB5-924A-775BF3C3CB6B}.Release|ARM.ActiveCfg = Release|Any CPU
		{08EE2397-6A8D-4EB5-924A-775BF3C3CB6B}.Release|ARM.Build.0 = Release|Any CPU
		{08EE2397-6A8D-4EB5-924A-775BF3C3CB6B}.Release|ARM.Deploy.0 = Release|Any CPU
		{08EE2397-6A8D-4EB5-924A-775BF3C3CB6B}.Release|iPhone.ActiveCfg = Release|Any CPU
		{08EE2397-6A8D-4EB5-924A-775BF3C3CB6B}.Release|iPhone.Build.0 = Release|Any CPU
		{08EE2397-6A8D-4EB5-924A-775BF3C3CB6B}.Release|iPhone.Deploy.0 = Release|Any CPU
		{08EE2397-6A8D-4EB5-924A-775BF3C3CB6B}.Release|iPhoneSimulator.ActiveCfg = Release|Any CPU
		{08EE2397-6A8D-4EB5-924A-775BF3C3CB6B}.Release|iPhoneSimulator.Build.0 = Release|Any CPU
		{08EE2397-6A8D-4EB5-924A-775BF3C3CB6B}.Release|iPhoneSimulator.Deploy.0 = Release|Any CPU
		{08EE2397-6A8D-4EB5-924A-775BF3C3CB6B}.Release|x64.ActiveCfg = Release|Any CPU
		{08EE2397-6A8D-4EB5-924A-775BF3C3CB6B}.Release|x64.Build.0 = Release|Any CPU
		{08EE2397-6A8D-4EB5-924A-775BF3C3CB6B}.Release|x64.Deploy.0 = Release|Any CPU
		{08EE2397-6A8D-4EB5-924A-775BF3C3CB6B}.Release|x86.ActiveCfg = Release|Any CPU
		{08EE2397-6A8D-4EB5-924A-775BF3C3CB6B}.Release|x86.Build.0 = Release|Any CPU
		{08EE2397-6A8D-4EB5-924A-775BF3C3CB6B}.Release|x86.Deploy.0 = Release|Any CPU
		{CD3CD2CB-6D12-4A59-9838-CB8EC3808D58}.Ad-Hoc|Any CPU.ActiveCfg = Ad-Hoc|iPhone
		{CD3CD2CB-6D12-4A59-9838-CB8EC3808D58}.Ad-Hoc|ARM.ActiveCfg = Ad-Hoc|iPhone
		{CD3CD2CB-6D12-4A59-9838-CB8EC3808D58}.Ad-Hoc|iPhone.ActiveCfg = Ad-Hoc|iPhone
		{CD3CD2CB-6D12-4A59-9838-CB8EC3808D58}.Ad-Hoc|iPhone.Build.0 = Ad-Hoc|iPhone
		{CD3CD2CB-6D12-4A59-9838-CB8EC3808D58}.Ad-Hoc|iPhoneSimulator.ActiveCfg = Ad-Hoc|iPhoneSimulator
		{CD3CD2CB-6D12-4A59-9838-CB8EC3808D58}.Ad-Hoc|iPhoneSimulator.Build.0 = Ad-Hoc|iPhoneSimulator
		{CD3CD2CB-6D12-4A59-9838-CB8EC3808D58}.Ad-Hoc|x64.ActiveCfg = Ad-Hoc|iPhone
		{CD3CD2CB-6D12-4A59-9838-CB8EC3808D58}.Ad-Hoc|x86.ActiveCfg = Ad-Hoc|iPhone
		{CD3CD2CB-6D12-4A59-9838-CB8EC3808D58}.AppStore|Any CPU.ActiveCfg = AppStore|iPhone
		{CD3CD2CB-6D12-4A59-9838-CB8EC3808D58}.AppStore|ARM.ActiveCfg = AppStore|iPhone
		{CD3CD2CB-6D12-4A59-9838-CB8EC3808D58}.AppStore|iPhone.ActiveCfg = AppStore|iPhone
		{CD3CD2CB-6D12-4A59-9838-CB8EC3808D58}.AppStore|iPhone.Build.0 = AppStore|iPhone
		{CD3CD2CB-6D12-4A59-9838-CB8EC3808D58}.AppStore|iPhoneSimulator.ActiveCfg = AppStore|iPhoneSimulator
		{CD3CD2CB-6D12-4A59-9838-CB8EC3808D58}.AppStore|iPhoneSimulator.Build.0 = AppStore|iPhoneSimulator
		{CD3CD2CB-6D12-4A59-9838-CB8EC3808D58}.AppStore|x64.ActiveCfg = AppStore|iPhone
		{CD3CD2CB-6D12-4A59-9838-CB8EC3808D58}.AppStore|x86.ActiveCfg = AppStore|iPhone
		{CD3CD2CB-6D12-4A59-9838-CB8EC3808D58}.Debug|Any CPU.ActiveCfg = Debug|iPhone
		{CD3CD2CB-6D12-4A59-9838-CB8EC3808D58}.Debug|ARM.ActiveCfg = Debug|iPhone
		{CD3CD2CB-6D12-4A59-9838-CB8EC3808D58}.Debug|iPhone.ActiveCfg = Debug|iPhone
		{CD3CD2CB-6D12-4A59-9838-CB8EC3808D58}.Debug|iPhone.Build.0 = Debug|iPhone
		{CD3CD2CB-6D12-4A59-9838-CB8EC3808D58}.Debug|iPhoneSimulator.ActiveCfg = Debug|iPhoneSimulator
		{CD3CD2CB-6D12-4A59-9838-CB8EC3808D58}.Debug|iPhoneSimulator.Build.0 = Debug|iPhoneSimulator
		{CD3CD2CB-6D12-4A59-9838-CB8EC3808D58}.Debug|x64.ActiveCfg = Debug|iPhone
		{CD3CD2CB-6D12-4A59-9838-CB8EC3808D58}.Debug|x86.ActiveCfg = Debug|iPhone
		{CD3CD2CB-6D12-4A59-9838-CB8EC3808D58}.Release|Any CPU.ActiveCfg = Release|iPhone
		{CD3CD2CB-6D12-4A59-9838-CB8EC3808D58}.Release|ARM.ActiveCfg = Release|iPhone
		{CD3CD2CB-6D12-4A59-9838-CB8EC3808D58}.Release|iPhone.ActiveCfg = Release|iPhone
		{CD3CD2CB-6D12-4A59-9838-CB8EC3808D58}.Release|iPhone.Build.0 = Release|iPhone
		{CD3CD2CB-6D12-4A59-9838-CB8EC3808D58}.Release|iPhoneSimulator.ActiveCfg = Release|iPhoneSimulator
		{CD3CD2CB-6D12-4A59-9838-CB8EC3808D58}.Release|iPhoneSimulator.Build.0 = Release|iPhoneSimulator
		{CD3CD2CB-6D12-4A59-9838-CB8EC3808D58}.Release|x64.ActiveCfg = Release|iPhone
		{CD3CD2CB-6D12-4A59-9838-CB8EC3808D58}.Release|x86.ActiveCfg = Release|iPhone
		{61C63A84-A144-421F-A769-56F92F598865}.Ad-Hoc|Any CPU.ActiveCfg = Release|x86
		{61C63A84-A144-421F-A769-56F92F598865}.Ad-Hoc|Any CPU.Build.0 = Release|x86
		{61C63A84-A144-421F-A769-56F92F598865}.Ad-Hoc|Any CPU.Deploy.0 = Release|x86
		{61C63A84-A144-421F-A769-56F92F598865}.Ad-Hoc|ARM.ActiveCfg = Release|ARM
		{61C63A84-A144-421F-A769-56F92F598865}.Ad-Hoc|ARM.Build.0 = Release|ARM
		{61C63A84-A144-421F-A769-56F92F598865}.Ad-Hoc|ARM.Deploy.0 = Release|ARM
		{61C63A84-A144-421F-A769-56F92F598865}.Ad-Hoc|iPhone.ActiveCfg = Release|x86
		{61C63A84-A144-421F-A769-56F92F598865}.Ad-Hoc|iPhone.Build.0 = Release|x86
		{61C63A84-A144-421F-A769-56F92F598865}.Ad-Hoc|iPhone.Deploy.0 = Release|x86
		{61C63A84-A144-421F-A769-56F92F598865}.Ad-Hoc|iPhoneSimulator.ActiveCfg = Release|x86
		{61C63A84-A144-421F-A769-56F92F598865}.Ad-Hoc|iPhoneSimulator.Build.0 = Release|x86
		{61C63A84-A144-421F-A769-56F92F598865}.Ad-Hoc|iPhoneSimulator.Deploy.0 = Release|x86
		{61C63A84-A144-421F-A769-56F92F598865}.Ad-Hoc|x64.ActiveCfg = Release|x64
		{61C63A84-A144-421F-A769-56F92F598865}.Ad-Hoc|x64.Build.0 = Release|x64
		{61C63A84-A144-421F-A769-56F92F598865}.Ad-Hoc|x64.Deploy.0 = Release|x64
		{61C63A84-A144-421F-A769-56F92F598865}.Ad-Hoc|x86.ActiveCfg = Release|x86
		{61C63A84-A144-421F-A769-56F92F598865}.Ad-Hoc|x86.Build.0 = Release|x86
		{61C63A84-A144-421F-A769-56F92F598865}.Ad-Hoc|x86.Deploy.0 = Release|x86
		{61C63A84-A144-421F-A769-56F92F598865}.AppStore|Any CPU.ActiveCfg = Release|x86
		{61C63A84-A144-421F-A769-56F92F598865}.AppStore|Any CPU.Build.0 = Release|x86
		{61C63A84-A144-421F-A769-56F92F598865}.AppStore|Any CPU.Deploy.0 = Release|x86
		{61C63A84-A144-421F-A769-56F92F598865}.AppStore|ARM.ActiveCfg = Release|ARM
		{61C63A84-A144-421F-A769-56F92F598865}.AppStore|ARM.Build.0 = Release|ARM
		{61C63A84-A144-421F-A769-56F92F598865}.AppStore|ARM.Deploy.0 = Release|ARM
		{61C63A84-A144-421F-A769-56F92F598865}.AppStore|iPhone.ActiveCfg = Release|x86
		{61C63A84-A144-421F-A769-56F92F598865}.AppStore|iPhone.Build.0 = Release|x86
		{61C63A84-A144-421F-A769-56F92F598865}.AppStore|iPhone.Deploy.0 = Release|x86
		{61C63A84-A144-421F-A769-56F92F598865}.AppStore|iPhoneSimulator.ActiveCfg = Release|x86
		{61C63A84-A144-421F-A769-56F92F598865}.AppStore|iPhoneSimulator.Build.0 = Release|x86
		{61C63A84-A144-421F-A769-56F92F598865}.AppStore|iPhoneSimulator.Deploy.0 = Release|x86
		{61C63A84-A144-421F-A769-56F92F598865}.AppStore|x64.ActiveCfg = Release|x64
		{61C63A84-A144-421F-A769-56F92F598865}.AppStore|x64.Build.0 = Release|x64
		{61C63A84-A144-421F-A769-56F92F598865}.AppStore|x64.Deploy.0 = Release|x64
		{61C63A84-A144-421F-A769-56F92F598865}.AppStore|x86.ActiveCfg = Release|x86
		{61C63A84-A144-421F-A769-56F92F598865}.AppStore|x86.Build.0 = Release|x86
		{61C63A84-A144-421F-A769-56F92F598865}.AppStore|x86.Deploy.0 = Release|x86
		{61C63A84-A144-421F-A769-56F92F598865}.Debug|Any CPU.ActiveCfg = Debug|x86
		{61C63A84-A144-421F-A769-56F92F598865}.Debug|ARM.ActiveCfg = Debug|ARM
		{61C63A84-A144-421F-A769-56F92F598865}.Debug|ARM.Build.0 = Debug|ARM
		{61C63A84-A144-421F-A769-56F92F598865}.Debug|ARM.Deploy.0 = Debug|ARM
		{61C63A84-A144-421F-A769-56F92F598865}.Debug|iPhone.ActiveCfg = Debug|x86
		{61C63A84-A144-421F-A769-56F92F598865}.Debug|iPhoneSimulator.ActiveCfg = Debug|x86
		{61C63A84-A144-421F-A769-56F92F598865}.Debug|x64.ActiveCfg = Debug|x64
		{61C63A84-A144-421F-A769-56F92F598865}.Debug|x64.Build.0 = Debug|x64
		{61C63A84-A144-421F-A769-56F92F598865}.Debug|x64.Deploy.0 = Debug|x64
		{61C63A84-A144-421F-A769-56F92F598865}.Debug|x86.ActiveCfg = Debug|x86
		{61C63A84-A144-421F-A769-56F92F598865}.Debug|x86.Build.0 = Debug|x86
		{61C63A84-A144-421F-A769-56F92F598865}.Debug|x86.Deploy.0 = Debug|x86
		{61C63A84-A144-421F-A769-56F92F598865}.Release|Any CPU.ActiveCfg = Release|x86
		{61C63A84-A144-421F-A769-56F92F598865}.Release|ARM.ActiveCfg = Release|ARM
		{61C63A84-A144-421F-A769-56F92F598865}.Release|ARM.Build.0 = Release|ARM
		{61C63A84-A144-421F-A769-56F92F598865}.Release|ARM.Deploy.0 = Release|ARM
		{61C63A84-A144-421F-A769-56F92F598865}.Release|iPhone.ActiveCfg = Release|x86
		{61C63A84-A144-421F-A769-56F92F598865}.Release|iPhoneSimulator.ActiveCfg = Release|x86
		{61C63A84-A144-421F-A769-56F92F598865}.Release|x64.ActiveCfg = Release|x64
		{61C63A84-A144-421F-A769-56F92F598865}.Release|x64.Build.0 = Release|x64
		{61C63A84-A144-421F-A769-56F92F598865}.Release|x64.Deploy.0 = Release|x64
		{61C63A84-A144-421F-A769-56F92F598865}.Release|x86.ActiveCfg = Release|x86
		{61C63A84-A144-421F-A769-56F92F598865}.Release|x86.Build.0 = Release|x86
		{61C63A84-A144-421F-A769-56F92F598865}.Release|x86.Deploy.0 = Release|x86
	EndGlobalSection
	GlobalSection(SolutionProperties) = preSolution
		HideSolutionNode = FALSE
	EndGlobalSection
	GlobalSection(ExtensibilityGlobals) = postSolution
		SolutionGuid = {E4180BFD-1CB0-4222-B14B-9BF85CBE1C31}
	EndGlobalSection
EndGlobal
